
Microsoft Visual Studio Solution File, Format Version 12.00
# Visual Studio Version 16
VisualStudioVersion = 16.0.32002.261
MinimumVisualStudioVersion = 10.0.40219.1
Project("{FAE04EC0-301F-11D3-BF4B-00C04F79EFBC}") = "Fiap.Web.AspNet2", "Fiap.Web.AspNet2\Fiap.Web.AspNet2.csproj", "{93FAAA04-D368-41CF-81B3-576A8CCC4CE5}"
EndProject
Global
	GlobalSection(SolutionConfigurationPlatforms) = preSolution
		Debug|Any CPU = Debug|Any CPU
		Release|Any CPU = Release|Any CPU
	EndGlobalSection
	GlobalSection(ProjectConfigurationPlatforms) = postSolution
		{93FAAA04-D368-41CF-81B3-576A8CCC4CE5}.Debug|Any CPU.ActiveCfg = Debug|Any CPU
		{93FAAA04-D368-41CF-81B3-576A8CCC4CE5}.Debug|Any CPU.Build.0 = Debug|Any CPU
		{93FAAA04-D368-41CF-81B3-576A8CCC4CE5}.Release|Any CPU.ActiveCfg = Release|Any CPU
		{93FAAA04-D368-41CF-81B3-576A8CCC4CE5}.Release|Any CPU.Build.0 = Release|Any CPU
	EndGlobalSection
	GlobalSection(SolutionProperties) = preSolution
		HideSolutionNode = FALSE
	EndGlobalSection
	GlobalSection(ExtensibilityGlobals) = postSolution
		SolutionGuid = {44A1DD3A-781E-4A57-807C-49DCB8FB8AAD}
	EndGlobalSection
EndGlobal
